
Microsoft Visual Studio Solution File, Format Version 12.00
# Visual Studio Version 16
VisualStudioVersion = 16.0.29306.81
MinimumVisualStudioVersion = 10.0.40219.1
Project("{FAE04EC0-301F-11D3-BF4B-00C04F79EFBC}") = "WindowsFormsApp3", "WindowsFormsApp3\WindowsFormsApp3.csproj", "{853A24B0-5DDE-4A7F-BC70-E1CA03D4CC98}"
EndProject
Global
	GlobalSection(SolutionConfigurationPlatforms) = preSolution
		Debug|Any CPU = Debug|Any CPU
		Release|Any CPU = Release|Any CPU
	EndGlobalSection
	GlobalSection(ProjectConfigurationPlatforms) = postSolution
		{853A24B0-5DDE-4A7F-BC70-E1CA03D4CC98}.Debug|Any CPU.ActiveCfg = Debug|Any CPU
		{853A24B0-5DDE-4A7F-BC70-E1CA03D4CC98}.Debug|Any CPU.Build.0 = Debug|Any CPU
		{853A24B0-5DDE-4A7F-BC70-E1CA03D4CC98}.Release|Any CPU.ActiveCfg = Release|Any CPU
		{853A24B0-5DDE-4A7F-BC70-E1CA03D4CC98}.Release|Any CPU.Build.0 = Release|Any CPU
	EndGlobalSection
	GlobalSection(SolutionProperties) = preSolution
		HideSolutionNode = FALSE
	EndGlobalSection
	GlobalSection(ExtensibilityGlobals) = postSolution
		SolutionGuid = {9376833E-F5DF-4AE7-9C94-1E90DB8653E9}
	EndGlobalSection
EndGlobal
